// !$*UTF8*$!
{
	archiveVersion = 1;
	classes = {
	};
	objectVersion = 46;
	objects = {

/* Begin PBXBuildFile section */
		B28C40B7201F6F2F008FBBCB /* exp.cpp in Sources */ = {isa = PBXBuildFile; fileRef = B28C4087201F6F28008FBBCB /* exp.cpp */; };
		B28C40B8201F6F2F008FBBCB /* scanner.cpp in Sources */ = {isa = PBXBuildFile; fileRef = B28C4089201F6F29008FBBCB /* scanner.cpp */; };
		B28C40B9201F6F2F008FBBCB /* scanscalar.cpp in Sources */ = {isa = PBXBuildFile; fileRef = B28C408A201F6F29008FBBCB /* scanscalar.cpp */; };
		B28C40BA201F6F2F008FBBCB /* node.cpp in Sources */ = {isa = PBXBuildFile; fileRef = B28C408B201F6F29008FBBCB /* node.cpp */; };
		B28C40BB201F6F2F008FBBCB /* scantag.cpp in Sources */ = {isa = PBXBuildFile; fileRef = B28C408C201F6F29008FBBCB /* scantag.cpp */; };
		B28C40BC201F6F2F008FBBCB /* emitterutils.cpp in Sources */ = {isa = PBXBuildFile; fileRef = B28C408F201F6F29008FBBCB /* emitterutils.cpp */; };
		B28C40BD201F6F2F008FBBCB /* emitfromevents.cpp in Sources */ = {isa = PBXBuildFile; fileRef = B28C4091201F6F2A008FBBCB /* emitfromevents.cpp */; };
		B28C40BE201F6F2F008FBBCB /* convert.cpp in Sources */ = {isa = PBXBuildFile; fileRef = B28C4092201F6F2A008FBBCB /* convert.cpp */; };
		B28C40BF201F6F2F008FBBCB /* nodeevents.cpp in Sources */ = {isa = PBXBuildFile; fileRef = B28C4094201F6F2A008FBBCB /* nodeevents.cpp */; };
		B28C40C0201F6F2F008FBBCB /* singledocparser.cpp in Sources */ = {isa = PBXBuildFile; fileRef = B28C4095201F6F2A008FBBCB /* singledocparser.cpp */; };
		B28C40C1201F6F2F008FBBCB /* graphbuilderadapter.cpp in Sources */ = {isa = PBXBuildFile; fileRef = B28C4097201F6F2A008FBBCB /* graphbuilderadapter.cpp */; };
		B28C40C2201F6F2F008FBBCB /* graphbuilder.cpp in Sources */ = {isa = PBXBuildFile; fileRef = B28C4098201F6F2A008FBBCB /* graphbuilder.cpp */; };
		B28C40C3201F6F2F008FBBCB /* node_data.cpp in Sources */ = {isa = PBXBuildFile; fileRef = B28C409A201F6F2A008FBBCB /* node_data.cpp */; };
		B28C40C4201F6F2F008FBBCB /* emit.cpp in Sources */ = {isa = PBXBuildFile; fileRef = B28C409C201F6F2B008FBBCB /* emit.cpp */; };
		B28C40C5201F6F2F008FBBCB /* stream.cpp in Sources */ = {isa = PBXBuildFile; fileRef = B28C409E201F6F2B008FBBCB /* stream.cpp */; };
		B28C40C6201F6F2F008FBBCB /* exceptions.cpp in Sources */ = {isa = PBXBuildFile; fileRef = B28C409F201F6F2B008FBBCB /* exceptions.cpp */; };
		B28C40C7201F6F2F008FBBCB /* emitterstate.cpp in Sources */ = {isa = PBXBuildFile; fileRef = B28C40A1201F6F2B008FBBCB /* emitterstate.cpp */; };
		B28C40C8201F6F2F008FBBCB /* parser.cpp in Sources */ = {isa = PBXBuildFile; fileRef = B28C40A2201F6F2B008FBBCB /* parser.cpp */; };
		B28C40C9201F6F2F008FBBCB /* emitter.cpp in Sources */ = {isa = PBXBuildFile; fileRef = B28C40A3201F6F2C008FBBCB /* emitter.cpp */; };
		B28C40CA201F6F2F008FBBCB /* null.cpp in Sources */ = {isa = PBXBuildFile; fileRef = B28C40A6201F6F2C008FBBCB /* null.cpp */; };
		B28C40CB201F6F2F008FBBCB /* simplekey.cpp in Sources */ = {isa = PBXBuildFile; fileRef = B28C40A7201F6F2C008FBBCB /* simplekey.cpp */; };
		B28C40CC201F6F2F008FBBCB /* directives.cpp in Sources */ = {isa = PBXBuildFile; fileRef = B28C40A9201F6F2D008FBBCB /* directives.cpp */; };
		B28C40CD201F6F2F008FBBCB /* scantoken.cpp in Sources */ = {isa = PBXBuildFile; fileRef = B28C40AD201F6F2D008FBBCB /* scantoken.cpp */; };
		B28C40CE201F6F2F008FBBCB /* ostream_wrapper.cpp in Sources */ = {isa = PBXBuildFile; fileRef = B28C40AE201F6F2D008FBBCB /* ostream_wrapper.cpp */; };
		B28C40CF201F6F2F008FBBCB /* regex_yaml.cpp in Sources */ = {isa = PBXBuildFile; fileRef = B28C40AF201F6F2E008FBBCB /* regex_yaml.cpp */; };
		B28C40D0201F6F2F008FBBCB /* binary.cpp in Sources */ = {isa = PBXBuildFile; fileRef = B28C40B2201F6F2E008FBBCB /* binary.cpp */; };
		B28C40D1201F6F2F008FBBCB /* nodebuilder.cpp in Sources */ = {isa = PBXBuildFile; fileRef = B28C40B3201F6F2E008FBBCB /* nodebuilder.cpp */; };
		B28C40D2201F6F2F008FBBCB /* parse.cpp in Sources */ = {isa = PBXBuildFile; fileRef = B28C40B4201F6F2F008FBBCB /* parse.cpp */; };
		B28C40D3201F6F2F008FBBCB /* tag.cpp in Sources */ = {isa = PBXBuildFile; fileRef = B28C40B5201F6F2F008FBBCB /* tag.cpp */; };
		B28C40D4201F6F2F008FBBCB /* memory.cpp in Sources */ = {isa = PBXBuildFile; fileRef = B28C40B6201F6F2F008FBBCB /* memory.cpp */; };
/* End PBXBuildFile section */

/* Begin PBXCopyFilesBuildPhase section */
		B28C4073201F6F00008FBBCB /* CopyFiles */ = {
			isa = PBXCopyFilesBuildPhase;
			buildActionMask = 2147483647;
			dstPath = "include/$(PRODUCT_NAME)";
			dstSubfolderSpec = 16;
			files = (
			);
			runOnlyForDeploymentPostprocessing = 0;
		};
/* End PBXCopyFilesBuildPhase section */

/* Begin PBXFileReference section */
		B28C4075201F6F00008FBBCB /* libyaml-cpp.a */ = {isa = PBXFileReference; explicitFileType = archive.ar; includeInIndex = 0; path = "libyaml-cpp.a"; sourceTree = BUILT_PRODUCTS_DIR; };
		B28C4082201F6F28008FBBCB /* token.h */ = {isa = PBXFileReference; fileEncoding = 4; lastKnownFileType = sourcecode.c.h; name = token.h; path = "../../../Sources/yaml-cpp/src/token.h"; sourceTree = "<group>"; };
		B28C4083201F6F28008FBBCB /* nodebuilder.h */ = {isa = PBXFileReference; fileEncoding = 4; lastKnownFileType = sourcecode.c.h; name = nodebuilder.h; path = "../../../Sources/yaml-cpp/src/nodebuilder.h"; sourceTree = "<group>"; };
		B28C4084201F6F28008FBBCB /* regex_yaml.h */ = {isa = PBXFileReference; fileEncoding = 4; lastKnownFileType = sourcecode.c.h; name = regex_yaml.h; path = "../../../Sources/yaml-cpp/src/regex_yaml.h"; sourceTree = "<group>"; };
		B28C4085201F6F28008FBBCB /* emitterutils.h */ = {isa = PBXFileReference; fileEncoding = 4; lastKnownFileType = sourcecode.c.h; name = emitterutils.h; path = "../../../Sources/yaml-cpp/src/emitterutils.h"; sourceTree = "<group>"; };
		B28C4086201F6F28008FBBCB /* exp.h */ = {isa = PBXFileReference; fileEncoding = 4; lastKnownFileType = sourcecode.c.h; name = exp.h; path = "../../../Sources/yaml-cpp/src/exp.h"; sourceTree = "<group>"; };
		B28C4087201F6F28008FBBCB /* exp.cpp */ = {isa = PBXFileReference; fileEncoding = 4; lastKnownFileType = sourcecode.cpp.cpp; name = exp.cpp; path = "../../../Sources/yaml-cpp/src/exp.cpp"; sourceTree = "<group>"; };
		B28C4088201F6F29008FBBCB /* stringsource.h */ = {isa = PBXFileReference; fileEncoding = 4; lastKnownFileType = sourcecode.c.h; name = stringsource.h; path = "../../../Sources/yaml-cpp/src/stringsource.h"; sourceTree = "<group>"; };
		B28C4089201F6F29008FBBCB /* scanner.cpp */ = {isa = PBXFileReference; fileEncoding = 4; lastKnownFileType = sourcecode.cpp.cpp; name = scanner.cpp; path = "../../../Sources/yaml-cpp/src/scanner.cpp"; sourceTree = "<group>"; };
		B28C408A201F6F29008FBBCB /* scanscalar.cpp */ = {isa = PBXFileReference; fileEncoding = 4; lastKnownFileType = sourcecode.cpp.cpp; name = scanscalar.cpp; path = "../../../Sources/yaml-cpp/src/scanscalar.cpp"; sourceTree = "<group>"; };
		B28C408B201F6F29008FBBCB /* node.cpp */ = {isa = PBXFileReference; fileEncoding = 4; lastKnownFileType = sourcecode.cpp.cpp; name = node.cpp; path = "../../../Sources/yaml-cpp/src/node.cpp"; sourceTree = "<group>"; };
		B28C408C201F6F29008FBBCB /* scantag.cpp */ = {isa = PBXFileReference; fileEncoding = 4; lastKnownFileType = sourcecode.cpp.cpp; name = scantag.cpp; path = "../../../Sources/yaml-cpp/src/scantag.cpp"; sourceTree = "<group>"; };
		B28C408D201F6F29008FBBCB /* regeximpl.h */ = {isa = PBXFileReference; fileEncoding = 4; lastKnownFileType = sourcecode.c.h; name = regeximpl.h; path = "../../../Sources/yaml-cpp/src/regeximpl.h"; sourceTree = "<group>"; };
		B28C408E201F6F29008FBBCB /* scanscalar.h */ = {isa = PBXFileReference; fileEncoding = 4; lastKnownFileType = sourcecode.c.h; name = scanscalar.h; path = "../../../Sources/yaml-cpp/src/scanscalar.h"; sourceTree = "<group>"; };
		B28C408F201F6F29008FBBCB /* emitterutils.cpp */ = {isa = PBXFileReference; fileEncoding = 4; lastKnownFileType = sourcecode.cpp.cpp; name = emitterutils.cpp; path = "../../../Sources/yaml-cpp/src/emitterutils.cpp"; sourceTree = "<group>"; };
		B28C4090201F6F29008FBBCB /* streamcharsource.h */ = {isa = PBXFileReference; fileEncoding = 4; lastKnownFileType = sourcecode.c.h; name = streamcharsource.h; path = "../../../Sources/yaml-cpp/src/streamcharsource.h"; sourceTree = "<group>"; };
		B28C4091201F6F2A008FBBCB /* emitfromevents.cpp */ = {isa = PBXFileReference; fileEncoding = 4; lastKnownFileType = sourcecode.cpp.cpp; name = emitfromevents.cpp; path = "../../../Sources/yaml-cpp/src/emitfromevents.cpp"; sourceTree = "<group>"; };
		B28C4092201F6F2A008FBBCB /* convert.cpp */ = {isa = PBXFileReference; fileEncoding = 4; lastKnownFileType = sourcecode.cpp.cpp; name = convert.cpp; path = "../../../Sources/yaml-cpp/src/convert.cpp"; sourceTree = "<group>"; };
		B28C4093201F6F2A008FBBCB /* scantag.h */ = {isa = PBXFileReference; fileEncoding = 4; lastKnownFileType = sourcecode.c.h; name = scantag.h; path = "../../../Sources/yaml-cpp/src/scantag.h"; sourceTree = "<group>"; };
		B28C4094201F6F2A008FBBCB /* nodeevents.cpp */ = {isa = PBXFileReference; fileEncoding = 4; lastKnownFileType = sourcecode.cpp.cpp; name = nodeevents.cpp; path = "../../../Sources/yaml-cpp/src/nodeevents.cpp"; sourceTree = "<group>"; };
		B28C4095201F6F2A008FBBCB /* singledocparser.cpp */ = {isa = PBXFileReference; fileEncoding = 4; lastKnownFileType = sourcecode.cpp.cpp; name = singledocparser.cpp; path = "../../../Sources/yaml-cpp/src/singledocparser.cpp"; sourceTree = "<group>"; };
		B28C4097201F6F2A008FBBCB /* graphbuilderadapter.cpp */ = {isa = PBXFileReference; fileEncoding = 4; lastKnownFileType = sourcecode.cpp.cpp; path = graphbuilderadapter.cpp; sourceTree = "<group>"; };
		B28C4098201F6F2A008FBBCB /* graphbuilder.cpp */ = {isa = PBXFileReference; fileEncoding = 4; lastKnownFileType = sourcecode.cpp.cpp; path = graphbuilder.cpp; sourceTree = "<group>"; };
		B28C4099201F6F2A008FBBCB /* graphbuilderadapter.h */ = {isa = PBXFileReference; fileEncoding = 4; lastKnownFileType = sourcecode.c.h; path = graphbuilderadapter.h; sourceTree = "<group>"; };
		B28C409A201F6F2A008FBBCB /* node_data.cpp */ = {isa = PBXFileReference; fileEncoding = 4; lastKnownFileType = sourcecode.cpp.cpp; name = node_data.cpp; path = "../../../Sources/yaml-cpp/src/node_data.cpp"; sourceTree = "<group>"; };
		B28C409B201F6F2A008FBBCB /* scanner.h */ = {isa = PBXFileReference; fileEncoding = 4; lastKnownFileType = sourcecode.c.h; name = scanner.h; path = "../../../Sources/yaml-cpp/src/scanner.h"; sourceTree = "<group>"; };
		B28C409C201F6F2B008FBBCB /* emit.cpp */ = {isa = PBXFileReference; fileEncoding = 4; lastKnownFileType = sourcecode.cpp.cpp; name = emit.cpp; path = "../../../Sources/yaml-cpp/src/emit.cpp"; sourceTree = "<group>"; };
		B28C409D201F6F2B008FBBCB /* setting.h */ = {isa = PBXFileReference; fileEncoding = 4; lastKnownFileType = sourcecode.c.h; name = setting.h; path = "../../../Sources/yaml-cpp/src/setting.h"; sourceTree = "<group>"; };
		B28C409E201F6F2B008FBBCB /* stream.cpp */ = {isa = PBXFileReference; fileEncoding = 4; lastKnownFileType = sourcecode.cpp.cpp; name = stream.cpp; path = "../../../Sources/yaml-cpp/src/stream.cpp"; sourceTree = "<group>"; };
		B28C409F201F6F2B008FBBCB /* exceptions.cpp */ = {isa = PBXFileReference; fileEncoding = 4; lastKnownFileType = sourcecode.cpp.cpp; name = exceptions.cpp; path = "../../../Sources/yaml-cpp/src/exceptions.cpp"; sourceTree = "<group>"; };
		B28C40A0201F6F2B008FBBCB /* singledocparser.h */ = {isa = PBXFileReference; fileEncoding = 4; lastKnownFileType = sourcecode.c.h; name = singledocparser.h; path = "../../../Sources/yaml-cpp/src/singledocparser.h"; sourceTree = "<group>"; };
		B28C40A1201F6F2B008FBBCB /* emitterstate.cpp */ = {isa = PBXFileReference; fileEncoding = 4; lastKnownFileType = sourcecode.cpp.cpp; name = emitterstate.cpp; path = "../../../Sources/yaml-cpp/src/emitterstate.cpp"; sourceTree = "<group>"; };
		B28C40A2201F6F2B008FBBCB /* parser.cpp */ = {isa = PBXFileReference; fileEncoding = 4; lastKnownFileType = sourcecode.cpp.cpp; name = parser.cpp; path = "../../../Sources/yaml-cpp/src/parser.cpp"; sourceTree = "<group>"; };
		B28C40A3201F6F2C008FBBCB /* emitter.cpp */ = {isa = PBXFileReference; fileEncoding = 4; lastKnownFileType = sourcecode.cpp.cpp; name = emitter.cpp; path = "../../../Sources/yaml-cpp/src/emitter.cpp"; sourceTree = "<group>"; };
		B28C40A4201F6F2C008FBBCB /* directives.h */ = {isa = PBXFileReference; fileEncoding = 4; lastKnownFileType = sourcecode.c.h; name = directives.h; path = "../../../Sources/yaml-cpp/src/directives.h"; sourceTree = "<group>"; };
		B28C40A5201F6F2C008FBBCB /* nodeevents.h */ = {isa = PBXFileReference; fileEncoding = 4; lastKnownFileType = sourcecode.c.h; name = nodeevents.h; path = "../../../Sources/yaml-cpp/src/nodeevents.h"; sourceTree = "<group>"; };
		B28C40A6201F6F2C008FBBCB /* null.cpp */ = {isa = PBXFileReference; fileEncoding = 4; lastKnownFileType = sourcecode.cpp.cpp; name = null.cpp; path = "../../../Sources/yaml-cpp/src/null.cpp"; sourceTree = "<group>"; };
		B28C40A7201F6F2C008FBBCB /* simplekey.cpp */ = {isa = PBXFileReference; fileEncoding = 4; lastKnownFileType = sourcecode.cpp.cpp; name = simplekey.cpp; path = "../../../Sources/yaml-cpp/src/simplekey.cpp"; sourceTree = "<group>"; };
		B28C40A8201F6F2C008FBBCB /* collectionstack.h */ = {isa = PBXFileReference; fileEncoding = 4; lastKnownFileType = sourcecode.c.h; name = collectionstack.h; path = "../../../Sources/yaml-cpp/src/collectionstack.h"; sourceTree = "<group>"; };
		B28C40A9201F6F2D008FBBCB /* directives.cpp */ = {isa = PBXFileReference; fileEncoding = 4; lastKnownFileType = sourcecode.cpp.cpp; name = directives.cpp; path = "../../../Sources/yaml-cpp/src/directives.cpp"; sourceTree = "<group>"; };
		B28C40AA201F6F2D008FBBCB /* emitterstate.h */ = {isa = PBXFileReference; fileEncoding = 4; lastKnownFileType = sourcecode.c.h; name = emitterstate.h; path = "../../../Sources/yaml-cpp/src/emitterstate.h"; sourceTree = "<group>"; };
		B28C40AB201F6F2D008FBBCB /* stream.h */ = {isa = PBXFileReference; fileEncoding = 4; lastKnownFileType = sourcecode.c.h; name = stream.h; path = "../../../Sources/yaml-cpp/src/stream.h"; sourceTree = "<group>"; };
		B28C40AC201F6F2D008FBBCB /* tag.h */ = {isa = PBXFileReference; fileEncoding = 4; lastKnownFileType = sourcecode.c.h; name = tag.h; path = "../../../Sources/yaml-cpp/src/tag.h"; sourceTree = "<group>"; };
		B28C40AD201F6F2D008FBBCB /* scantoken.cpp */ = {isa = PBXFileReference; fileEncoding = 4; lastKnownFileType = sourcecode.cpp.cpp; name = scantoken.cpp; path = "../../../Sources/yaml-cpp/src/scantoken.cpp"; sourceTree = "<group>"; };
		B28C40AE201F6F2D008FBBCB /* ostream_wrapper.cpp */ = {isa = PBXFileReference; fileEncoding = 4; lastKnownFileType = sourcecode.cpp.cpp; name = ostream_wrapper.cpp; path = "../../../Sources/yaml-cpp/src/ostream_wrapper.cpp"; sourceTree = "<group>"; };
		B28C40AF201F6F2E008FBBCB /* regex_yaml.cpp */ = {isa = PBXFileReference; fileEncoding = 4; lastKnownFileType = sourcecode.cpp.cpp; name = regex_yaml.cpp; path = "../../../Sources/yaml-cpp/src/regex_yaml.cpp"; sourceTree = "<group>"; };
		B28C40B0201F6F2E008FBBCB /* indentation.h */ = {isa = PBXFileReference; fileEncoding = 4; lastKnownFileType = sourcecode.c.h; name = indentation.h; path = "../../../Sources/yaml-cpp/src/indentation.h"; sourceTree = "<group>"; };
		B28C40B1201F6F2E008FBBCB /* ptr_vector.h */ = {isa = PBXFileReference; fileEncoding = 4; lastKnownFileType = sourcecode.c.h; name = ptr_vector.h; path = "../../../Sources/yaml-cpp/src/ptr_vector.h"; sourceTree = "<group>"; };
		B28C40B2201F6F2E008FBBCB /* binary.cpp */ = {isa = PBXFileReference; fileEncoding = 4; lastKnownFileType = sourcecode.cpp.cpp; name = binary.cpp; path = "../../../Sources/yaml-cpp/src/binary.cpp"; sourceTree = "<group>"; };
		B28C40B3201F6F2E008FBBCB /* nodebuilder.cpp */ = {isa = PBXFileReference; fileEncoding = 4; lastKnownFileType = sourcecode.cpp.cpp; name = nodebuilder.cpp; path = "../../../Sources/yaml-cpp/src/nodebuilder.cpp"; sourceTree = "<group>"; };
		B28C40B4201F6F2F008FBBCB /* parse.cpp */ = {isa = PBXFileReference; fileEncoding = 4; lastKnownFileType = sourcecode.cpp.cpp; name = parse.cpp; path = "../../../Sources/yaml-cpp/src/parse.cpp"; sourceTree = "<group>"; };
		B28C40B5201F6F2F008FBBCB /* tag.cpp */ = {isa = PBXFileReference; fileEncoding = 4; lastKnownFileType = sourcecode.cpp.cpp; name = tag.cpp; path = "../../../Sources/yaml-cpp/src/tag.cpp"; sourceTree = "<group>"; };
		B28C40B6201F6F2F008FBBCB /* memory.cpp */ = {isa = PBXFileReference; fileEncoding = 4; lastKnownFileType = sourcecode.cpp.cpp; name = memory.cpp; path = "../../../Sources/yaml-cpp/src/memory.cpp"; sourceTree = "<group>"; };
/* End PBXFileReference section */

/* Begin PBXFrameworksBuildPhase section */
		B28C4072201F6F00008FBBCB /* Frameworks */ = {
			isa = PBXFrameworksBuildPhase;
			buildActionMask = 2147483647;
			files = (
			);
			runOnlyForDeploymentPostprocessing = 0;
		};
/* End PBXFrameworksBuildPhase section */

/* Begin PBXGroup section */
		B28C406C201F6F00008FBBCB = {
			isa = PBXGroup;
			children = (
				B28C4081201F6F13008FBBCB /* src */,
				B28C4076201F6F00008FBBCB /* Products */,
			);
			sourceTree = "<group>";
		};
		B28C4076201F6F00008FBBCB /* Products */ = {
			isa = PBXGroup;
			children = (
				B28C4075201F6F00008FBBCB /* libyaml-cpp.a */,
			);
			name = Products;
			sourceTree = "<group>";
		};
		B28C4081201F6F13008FBBCB /* src */ = {
			isa = PBXGroup;
			children = (
				B28C40B2201F6F2E008FBBCB /* binary.cpp */,
				B28C40A8201F6F2C008FBBCB /* collectionstack.h */,
				B28C4096201F6F2A008FBBCB /* contrib */,
				B28C4092201F6F2A008FBBCB /* convert.cpp */,
				B28C40A9201F6F2D008FBBCB /* directives.cpp */,
				B28C40A4201F6F2C008FBBCB /* directives.h */,
				B28C409C201F6F2B008FBBCB /* emit.cpp */,
				B28C4091201F6F2A008FBBCB /* emitfromevents.cpp */,
				B28C40A3201F6F2C008FBBCB /* emitter.cpp */,
				B28C40A1201F6F2B008FBBCB /* emitterstate.cpp */,
				B28C40AA201F6F2D008FBBCB /* emitterstate.h */,
				B28C408F201F6F29008FBBCB /* emitterutils.cpp */,
				B28C4085201F6F28008FBBCB /* emitterutils.h */,
				B28C409F201F6F2B008FBBCB /* exceptions.cpp */,
				B28C4087201F6F28008FBBCB /* exp.cpp */,
				B28C4086201F6F28008FBBCB /* exp.h */,
				B28C40B0201F6F2E008FBBCB /* indentation.h */,
				B28C40B6201F6F2F008FBBCB /* memory.cpp */,
				B28C409A201F6F2A008FBBCB /* node_data.cpp */,
				B28C408B201F6F29008FBBCB /* node.cpp */,
				B28C40B3201F6F2E008FBBCB /* nodebuilder.cpp */,
				B28C4083201F6F28008FBBCB /* nodebuilder.h */,
				B28C4094201F6F2A008FBBCB /* nodeevents.cpp */,
				B28C40A5201F6F2C008FBBCB /* nodeevents.h */,
				B28C40A6201F6F2C008FBBCB /* null.cpp */,
				B28C40AE201F6F2D008FBBCB /* ostream_wrapper.cpp */,
				B28C40B4201F6F2F008FBBCB /* parse.cpp */,
				B28C40A2201F6F2B008FBBCB /* parser.cpp */,
				B28C40B1201F6F2E008FBBCB /* ptr_vector.h */,
				B28C40AF201F6F2E008FBBCB /* regex_yaml.cpp */,
				B28C4084201F6F28008FBBCB /* regex_yaml.h */,
				B28C408D201F6F29008FBBCB /* regeximpl.h */,
				B28C4089201F6F29008FBBCB /* scanner.cpp */,
				B28C409B201F6F2A008FBBCB /* scanner.h */,
				B28C408A201F6F29008FBBCB /* scanscalar.cpp */,
				B28C408E201F6F29008FBBCB /* scanscalar.h */,
				B28C408C201F6F29008FBBCB /* scantag.cpp */,
				B28C4093201F6F2A008FBBCB /* scantag.h */,
				B28C40AD201F6F2D008FBBCB /* scantoken.cpp */,
				B28C409D201F6F2B008FBBCB /* setting.h */,
				B28C40A7201F6F2C008FBBCB /* simplekey.cpp */,
				B28C4095201F6F2A008FBBCB /* singledocparser.cpp */,
				B28C40A0201F6F2B008FBBCB /* singledocparser.h */,
				B28C409E201F6F2B008FBBCB /* stream.cpp */,
				B28C40AB201F6F2D008FBBCB /* stream.h */,
				B28C4090201F6F29008FBBCB /* streamcharsource.h */,
				B28C4088201F6F29008FBBCB /* stringsource.h */,
				B28C40B5201F6F2F008FBBCB /* tag.cpp */,
				B28C40AC201F6F2D008FBBCB /* tag.h */,
				B28C4082201F6F28008FBBCB /* token.h */,
			);
			name = src;
			path = "../../Sources/yaml-cpp/src";
			sourceTree = "<group>";
		};
		B28C4096201F6F2A008FBBCB /* contrib */ = {
			isa = PBXGroup;
			children = (
				B28C4097201F6F2A008FBBCB /* graphbuilderadapter.cpp */,
				B28C4098201F6F2A008FBBCB /* graphbuilder.cpp */,
				B28C4099201F6F2A008FBBCB /* graphbuilderadapter.h */,
			);
			name = contrib;
			path = "../../../Sources/yaml-cpp/src/contrib";
			sourceTree = "<group>";
		};
/* End PBXGroup section */

/* Begin PBXNativeTarget section */
		B28C4074201F6F00008FBBCB /* yaml-cpp */ = {
			isa = PBXNativeTarget;
			buildConfigurationList = B28C407E201F6F00008FBBCB /* Build configuration list for PBXNativeTarget "yaml-cpp" */;
			buildPhases = (
				B28C4071201F6F00008FBBCB /* Sources */,
				B28C4072201F6F00008FBBCB /* Frameworks */,
				B28C4073201F6F00008FBBCB /* CopyFiles */,
			);
			buildRules = (
			);
			dependencies = (
			);
			name = "yaml-cpp";
			productName = "yaml-cpp";
			productReference = B28C4075201F6F00008FBBCB /* libyaml-cpp.a */;
			productType = "com.apple.product-type.library.static";
		};
/* End PBXNativeTarget section */

/* Begin PBXProject section */
		B28C406D201F6F00008FBBCB /* Project object */ = {
			isa = PBXProject;
			attributes = {
				LastUpgradeCheck = 0920;
				ORGANIZATIONNAME = Alexey;
				TargetAttributes = {
					B28C4074201F6F00008FBBCB = {
						CreatedOnToolsVersion = 9.2;
						DevelopmentTeam = 38S292YZ37;
						ProvisioningStyle = Automatic;
					};
				};
			};
			buildConfigurationList = B28C4070201F6F00008FBBCB /* Build configuration list for PBXProject "yaml-cpp" */;
			compatibilityVersion = "Xcode 3.2";
			developmentRegion = en;
			hasScannedForEncodings = 0;
			knownRegions = (
				en,
			);
			mainGroup = B28C406C201F6F00008FBBCB;
			productRefGroup = B28C4076201F6F00008FBBCB /* Products */;
			projectDirPath = "";
			projectRoot = "";
			targets = (
				B28C4074201F6F00008FBBCB /* yaml-cpp */,
			);
		};
/* End PBXProject section */

/* Begin PBXSourcesBuildPhase section */
		B28C4071201F6F00008FBBCB /* Sources */ = {
			isa = PBXSourcesBuildPhase;
			buildActionMask = 2147483647;
			files = (
				B28C40CD201F6F2F008FBBCB /* scantoken.cpp in Sources */,
				B28C40C4201F6F2F008FBBCB /* emit.cpp in Sources */,
				B28C40C6201F6F2F008FBBCB /* exceptions.cpp in Sources */,
				B28C40B9201F6F2F008FBBCB /* scanscalar.cpp in Sources */,
				B28C40CC201F6F2F008FBBCB /* directives.cpp in Sources */,
				B28C40B8201F6F2F008FBBCB /* scanner.cpp in Sources */,
				B28C40C8201F6F2F008FBBCB /* parser.cpp in Sources */,
				B28C40CE201F6F2F008FBBCB /* ostream_wrapper.cpp in Sources */,
				B28C40C7201F6F2F008FBBCB /* emitterstate.cpp in Sources */,
				B28C40D1201F6F2F008FBBCB /* nodebuilder.cpp in Sources */,
				B28C40B7201F6F2F008FBBCB /* exp.cpp in Sources */,
				B28C40CB201F6F2F008FBBCB /* simplekey.cpp in Sources */,
				B28C40BF201F6F2F008FBBCB /* nodeevents.cpp in Sources */,
				B28C40D2201F6F2F008FBBCB /* parse.cpp in Sources */,
				B28C40CA201F6F2F008FBBCB /* null.cpp in Sources */,
				B28C40BA201F6F2F008FBBCB /* node.cpp in Sources */,
				B28C40BC201F6F2F008FBBCB /* emitterutils.cpp in Sources */,
				B28C40C2201F6F2F008FBBCB /* graphbuilder.cpp in Sources */,
				B28C40CF201F6F2F008FBBCB /* regex_yaml.cpp in Sources */,
				B28C40C5201F6F2F008FBBCB /* stream.cpp in Sources */,
				B28C40D4201F6F2F008FBBCB /* memory.cpp in Sources */,
				B28C40D0201F6F2F008FBBCB /* binary.cpp in Sources */,
				B28C40BE201F6F2F008FBBCB /* convert.cpp in Sources */,
				B28C40C9201F6F2F008FBBCB /* emitter.cpp in Sources */,
				B28C40BB201F6F2F008FBBCB /* scantag.cpp in Sources */,
				B28C40BD201F6F2F008FBBCB /* emitfromevents.cpp in Sources */,
				B28C40C0201F6F2F008FBBCB /* singledocparser.cpp in Sources */,
				B28C40D3201F6F2F008FBBCB /* tag.cpp in Sources */,
				B28C40C3201F6F2F008FBBCB /* node_data.cpp in Sources */,
				B28C40C1201F6F2F008FBBCB /* graphbuilderadapter.cpp in Sources */,
			);
			runOnlyForDeploymentPostprocessing = 0;
		};
/* End PBXSourcesBuildPhase section */

/* Begin XCBuildConfiguration section */
		B28C407C201F6F00008FBBCB /* Debug */ = {
			isa = XCBuildConfiguration;
			buildSettings = {
				ALWAYS_SEARCH_USER_PATHS = NO;
				CLANG_ANALYZER_NONNULL = YES;
				CLANG_ANALYZER_NUMBER_OBJECT_CONVERSION = YES_AGGRESSIVE;
				CLANG_CXX_LANGUAGE_STANDARD = "gnu++14";
				CLANG_CXX_LIBRARY = "libc++";
				CLANG_ENABLE_MODULES = YES;
				CLANG_ENABLE_OBJC_ARC = YES;
				CLANG_WARN_BLOCK_CAPTURE_AUTORELEASING = YES;
				CLANG_WARN_BOOL_CONVERSION = YES;
				CLANG_WARN_COMMA = YES;
				CLANG_WARN_CONSTANT_CONVERSION = YES;
				CLANG_WARN_DIRECT_OBJC_ISA_USAGE = YES_ERROR;
				CLANG_WARN_DOCUMENTATION_COMMENTS = YES;
				CLANG_WARN_EMPTY_BODY = YES;
				CLANG_WARN_ENUM_CONVERSION = YES;
				CLANG_WARN_INFINITE_RECURSION = YES;
				CLANG_WARN_INT_CONVERSION = YES;
				CLANG_WARN_NON_LITERAL_NULL_CONVERSION = YES;
				CLANG_WARN_OBJC_LITERAL_CONVERSION = YES;
				CLANG_WARN_OBJC_ROOT_CLASS = YES_ERROR;
				CLANG_WARN_RANGE_LOOP_ANALYSIS = YES;
				CLANG_WARN_STRICT_PROTOTYPES = YES;
				CLANG_WARN_SUSPICIOUS_MOVE = YES;
				CLANG_WARN_UNGUARDED_AVAILABILITY = YES_AGGRESSIVE;
				CLANG_WARN_UNREACHABLE_CODE = YES;
				CLANG_WARN__DUPLICATE_METHOD_MATCH = YES;
				CODE_SIGN_IDENTITY = "iPhone Developer";
				COPY_PHASE_STRIP = NO;
				DEBUG_INFORMATION_FORMAT = dwarf;
				ENABLE_STRICT_OBJC_MSGSEND = YES;
				ENABLE_TESTABILITY = YES;
				GCC_C_LANGUAGE_STANDARD = gnu11;
				GCC_DYNAMIC_NO_PIC = NO;
				GCC_NO_COMMON_BLOCKS = YES;
				GCC_OPTIMIZATION_LEVEL = 0;
				GCC_PREPROCESSOR_DEFINITIONS = (
					"DEBUG=1",
					"$(inherited)",
				);
				GCC_WARN_64_TO_32_BIT_CONVERSION = YES;
				GCC_WARN_ABOUT_RETURN_TYPE = YES_ERROR;
				GCC_WARN_UNDECLARED_SELECTOR = YES;
				GCC_WARN_UNINITIALIZED_AUTOS = YES_AGGRESSIVE;
				GCC_WARN_UNUSED_FUNCTION = YES;
				GCC_WARN_UNUSED_VARIABLE = YES;
				IPHONEOS_DEPLOYMENT_TARGET = 11.2;
				MTL_ENABLE_DEBUG_INFO = YES;
				ONLY_ACTIVE_ARCH = YES;
				SDKROOT = iphoneos;
			};
			name = Debug;
		};
		B28C407D201F6F00008FBBCB /* Release */ = {
			isa = XCBuildConfiguration;
			buildSettings = {
				ALWAYS_SEARCH_USER_PATHS = NO;
				CLANG_ANALYZER_NONNULL = YES;
				CLANG_ANALYZER_NUMBER_OBJECT_CONVERSION = YES_AGGRESSIVE;
				CLANG_CXX_LANGUAGE_STANDARD = "gnu++14";
				CLANG_CXX_LIBRARY = "libc++";
				CLANG_ENABLE_MODULES = YES;
				CLANG_ENABLE_OBJC_ARC = YES;
				CLANG_WARN_BLOCK_CAPTURE_AUTORELEASING = YES;
				CLANG_WARN_BOOL_CONVERSION = YES;
				CLANG_WARN_COMMA = YES;
				CLANG_WARN_CONSTANT_CONVERSION = YES;
				CLANG_WARN_DIRECT_OBJC_ISA_USAGE = YES_ERROR;
				CLANG_WARN_DOCUMENTATION_COMMENTS = YES;
				CLANG_WARN_EMPTY_BODY = YES;
				CLANG_WARN_ENUM_CONVERSION = YES;
				CLANG_WARN_INFINITE_RECURSION = YES;
				CLANG_WARN_INT_CONVERSION = YES;
				CLANG_WARN_NON_LITERAL_NULL_CONVERSION = YES;
				CLANG_WARN_OBJC_LITERAL_CONVERSION = YES;
				CLANG_WARN_OBJC_ROOT_CLASS = YES_ERROR;
				CLANG_WARN_RANGE_LOOP_ANALYSIS = YES;
				CLANG_WARN_STRICT_PROTOTYPES = YES;
				CLANG_WARN_SUSPICIOUS_MOVE = YES;
				CLANG_WARN_UNGUARDED_AVAILABILITY = YES_AGGRESSIVE;
				CLANG_WARN_UNREACHABLE_CODE = YES;
				CLANG_WARN__DUPLICATE_METHOD_MATCH = YES;
				CODE_SIGN_IDENTITY = "iPhone Developer";
				COPY_PHASE_STRIP = NO;
				DEBUG_INFORMATION_FORMAT = "dwarf-with-dsym";
				ENABLE_NS_ASSERTIONS = NO;
				ENABLE_STRICT_OBJC_MSGSEND = YES;
				GCC_C_LANGUAGE_STANDARD = gnu11;
				GCC_NO_COMMON_BLOCKS = YES;
				GCC_WARN_64_TO_32_BIT_CONVERSION = YES;
				GCC_WARN_ABOUT_RETURN_TYPE = YES_ERROR;
				GCC_WARN_UNDECLARED_SELECTOR = YES;
				GCC_WARN_UNINITIALIZED_AUTOS = YES_AGGRESSIVE;
				GCC_WARN_UNUSED_FUNCTION = YES;
				GCC_WARN_UNUSED_VARIABLE = YES;
				IPHONEOS_DEPLOYMENT_TARGET = 11.2;
				MTL_ENABLE_DEBUG_INFO = NO;
				SDKROOT = iphoneos;
				VALIDATE_PRODUCT = YES;
			};
			name = Release;
		};
		B28C407F201F6F00008FBBCB /* Debug */ = {
			isa = XCBuildConfiguration;
			buildSettings = {
				CODE_SIGN_STYLE = Automatic;
				DEVELOPMENT_TEAM = 38S292YZ37;
				GCC_SYMBOLS_PRIVATE_EXTERN = YES;
				HEADER_SEARCH_PATHS = "../../Sources/yaml-cpp/include";
				IPHONEOS_DEPLOYMENT_TARGET = 8.0;
				OTHER_LDFLAGS = "-ObjC";
				PRODUCT_NAME = "$(TARGET_NAME)";
				SKIP_INSTALL = YES;
				TARGETED_DEVICE_FAMILY = "1,2";
			};
			name = Debug;
		};
		B28C4080201F6F00008FBBCB /* Release */ = {
			isa = XCBuildConfiguration;
			buildSettings = {
				CODE_SIGN_STYLE = Automatic;
				DEVELOPMENT_TEAM = 38S292YZ37;
				GCC_SYMBOLS_PRIVATE_EXTERN = YES;
				HEADER_SEARCH_PATHS = "../../Sources/yaml-cpp/include";
				IPHONEOS_DEPLOYMENT_TARGET = 8.0;
				OTHER_LDFLAGS = "-ObjC";
				PRODUCT_NAME = "$(TARGET_NAME)";
				SKIP_INSTALL = YES;
				TARGETED_DEVICE_FAMILY = "1,2";
			};
			name = Release;
		};
/* End XCBuildConfiguration section */

/* Begin XCConfigurationList section */
		B28C4070201F6F00008FBBCB /* Build configuration list for PBXProject "yaml-cpp" */ = {
			isa = XCConfigurationList;
			buildConfigurations = (
				B28C407C201F6F00008FBBCB /* Debug */,
				B28C407D201F6F00008FBBCB /* Release */,
			);
			defaultConfigurationIsVisible = 0;
			defaultConfigurationName = Release;
		};
		B28C407E201F6F00008FBBCB /* Build configuration list for PBXNativeTarget "yaml-cpp" */ = {
			isa = XCConfigurationList;
			buildConfigurations = (
				B28C407F201F6F00008FBBCB /* Debug */,
				B28C4080201F6F00008FBBCB /* Release */,
			);
			defaultConfigurationIsVisible = 0;
			defaultConfigurationName = Release;
		};
/* End XCConfigurationList section */
	};
	rootObject = B28C406D201F6F00008FBBCB /* Project object */;
}
